
Microsoft Visual Studio Solution File, Format Version 12.00
# Visual Studio Version 17
VisualStudioVersion = 17.4.33213.308
MinimumVisualStudioVersion = 10.0.40219.1
Project("{FAE04EC0-301F-11D3-BF4B-00C04F79EFBC}") = "Bålhyttebooking", "Bålhyttebooking\Bålhyttebooking.csproj", "{02F78AC3-114A-430B-9C76-6B7D8F81BA57}"
EndProject
Global
	GlobalSection(SolutionConfigurationPlatforms) = preSolution
		Debug|Any CPU = Debug|Any CPU
		Release|Any CPU = Release|Any CPU
	EndGlobalSection
	GlobalSection(ProjectConfigurationPlatforms) = postSolution
		{02F78AC3-114A-430B-9C76-6B7D8F81BA57}.Debug|Any CPU.ActiveCfg = Debug|Any CPU
		{02F78AC3-114A-430B-9C76-6B7D8F81BA57}.Debug|Any CPU.Build.0 = Debug|Any CPU
		{02F78AC3-114A-430B-9C76-6B7D8F81BA57}.Release|Any CPU.ActiveCfg = Release|Any CPU
		{02F78AC3-114A-430B-9C76-6B7D8F81BA57}.Release|Any CPU.Build.0 = Release|Any CPU
	EndGlobalSection
	GlobalSection(SolutionProperties) = preSolution
		HideSolutionNode = FALSE
	EndGlobalSection
	GlobalSection(ExtensibilityGlobals) = postSolution
		SolutionGuid = {4CAF821F-2C8A-46AA-80EE-1E5E30BDA69D}
	EndGlobalSection
EndGlobal
